{
  "version": "3",
  "packages": {
    "specifiers": {
      "npm:hono": "npm:hono@4.0.1"
    },
    "npm": {
      "hono@4.0.1": {
        "integrity": "sha512-S9cREGPJIAK437RhroOf1PGlJPIlt5itl69OmQ6onPLo5pdCbSHGL8v4uAKxrdHjcTyuoyvKPqWm5jv0dGkdFA==",
        "dependencies": {}
      }
    }
  },
  "remote": {}
}
